<?xml version="1.0" encoding="utf-8"?>
<Project ToolsVersion="4.0" xmlns="http://schemas.microsoft.com/developer/msbuild/2003">
  <ItemGroup>
    <Filter Include="Source Files">
      <UniqueIdentifier>{4FC737F1-C7A5-4376-A066-2A32D752A2FF}</UniqueIdentifier>
      <Extensions>cpp;c;cc;cxx;def;odl;idl;hpj;bat;asm;asmx</Extensions>
    </Filter>
    <Filter Include="Header Files">
      <UniqueIdentifier>{93995380-89BD-4b04-88EB-625FBE52EBFB}</UniqueIdentifier>
      <Extensions>h;hh;hpp;hxx;hm;inl;inc;xsd</Extensions>
    </Filter>
    <Filter Include="Resource Files">
      <UniqueIdentifier>{67DA6AB6-F800-4c08-8B7A-83BB121AAD01}</UniqueIdentifier>
      <Extensions>rc;ico;cur;bmp;dlg;rc2;rct;bin;rgs;gif;jpg;jpeg;jpe;resx;tiff;tif;png;wav;mfcribbon-ms</Extensions>
    </Filter>
  </ItemGroup>
  <ItemGroup>
    <ClCompile Include="AssetManager.cpp">
      <Filter>Source Files</Filter>
    </ClCompile>
    <ClCompile Include="Utility.cpp">
      <Filter>Source Files</Filter>
    </ClCompile>
    <ClCompile Include="Timer.cpp">
      <Filter>Source Files</Filter>
    </ClCompile>
    <ClCompile Include="SoundManager.cpp">
      <Filter>Source Files</Filter>
    </ClCompile>
    <ClCompile Include="Debug.cpp">
      <Filter>Source Files</Filter>
    </ClCompile>
    <ClCompile Include="main.cpp">
      <Filter>Source Files</Filter>
    </ClCompile>
    <ClCompile Include="EntityManager.cpp">
      <Filter>Source Files</Filter>
    </ClCompile>
    <ClCompile Include="RandomGenerator.cpp">
      <Filter>Source Files</Filter>
    </ClCompile>
    <ClCompile Include="InputField.cpp">
      <Filter>Source Files</Filter>
    </ClCompile>
    <ClCompile Include="InputFieldParser.cpp">
      <Filter>Source Files</Filter>
    </ClCompile>
    <ClCompile Include="RequestHandlers.cpp">
      <Filter>Source Files</Filter>
    </ClCompile>
    <ClCompile Include="PolynomialProductForm.cpp">
      <Filter>Source Files</Filter>
    </ClCompile>
    <ClCompile Include="PolynomialMultipler.cpp">
      <Filter>Source Files</Filter>
    </ClCompile>
    <ClCompile Include="PolynomialGenerator.cpp">
      <Filter>Source Files</Filter>
    </ClCompile>
    <ClCompile Include="PolynomialGeneralForm.cpp">
      <Filter>Source Files</Filter>
    </ClCompile>
    <ClCompile Include="PolynomialFactor.cpp">
      <Filter>Source Files</Filter>
    </ClCompile>
    <ClCompile Include="PowerfulText.cpp">
      <Filter>Source Files</Filter>
    </ClCompile>
    <ClCompile Include="Player.cpp">
      <Filter>Source Files</Filter>
    </ClCompile>
    <ClCompile Include="PlayerHealthGUI.cpp">
      <Filter>Source Files</Filter>
    </ClCompile>
    <ClCompile Include="PlayerCannon.cpp">
      <Filter>Source Files</Filter>
    </ClCompile>
    <ClCompile Include="AdvancedParticle.cpp">
      <Filter>Source Files</Filter>
    </ClCompile>
    <ClCompile Include="AdvancedParticleSystem.cpp">
      <Filter>Source Files</Filter>
    </ClCompile>
    <ClCompile Include="APSBuilder.cpp">
      <Filter>Source Files</Filter>
    </ClCompile>
    <ClCompile Include="Enemy.cpp">
      <Filter>Source Files</Filter>
    </ClCompile>
    <ClCompile Include="Entity.cpp">
      <Filter>Source Files</Filter>
    </ClCompile>
    <ClCompile Include="EnemySpawner.cpp">
      <Filter>Source Files</Filter>
    </ClCompile>
    <ClCompile Include="GameplayManager.cpp">
      <Filter>Source Files</Filter>
    </ClCompile>
    <ClCompile Include="SignedBullet.cpp">
      <Filter>Source Files</Filter>
    </ClCompile>
    <ClCompile Include="EnemyCannon.cpp">
      <Filter>Source Files</Filter>
    </ClCompile>
    <ClCompile Include="StringSubprocessor.cpp">
      <Filter>Source Files</Filter>
    </ClCompile>
    <ClCompile Include="FleetingText.cpp">
      <Filter>Source Files</Filter>
    </ClCompile>
    <ClCompile Include="MunitionContainer.cpp">
      <Filter>Source Files</Filter>
    </ClCompile>
    <ClCompile Include="SimpleBullet.cpp">
      <Filter>Source Files</Filter>
    </ClCompile>
    <ClCompile Include="BulletBase.cpp">
      <Filter>Source Files</Filter>
    </ClCompile>
    <ClCompile Include="PlayerCannonGraphics.cpp">
      <Filter>Source Files</Filter>
    </ClCompile>
    <ClCompile Include="ParticleMaster.cpp">
      <Filter>Source Files</Filter>
    </ClCompile>
    <ClCompile Include="ScoreManager.cpp">
      <Filter>Source Files</Filter>
    </ClCompile>
    <ClCompile Include="ScoreManagerGUI.cpp">
      <Filter>Source Files</Filter>
    </ClCompile>
    <ClCompile Include="ParticleTrail.cpp">
      <Filter>Source Files</Filter>
    </ClCompile>
    <ClCompile Include="CameraShake.cpp">
      <Filter>Source Files</Filter>
    </ClCompile>
    <ClCompile Include="EnemyPolynomialAdapter.cpp">
      <Filter>Source Files</Filter>
    </ClCompile>
    <ClCompile Include="ReductionWave.cpp">
      <Filter>Source Files</Filter>
    </ClCompile>
    <ClCompile Include="Gameplay.cpp">
      <Filter>Source Files</Filter>
    </ClCompile>
    <ClCompile Include="MainMenu.cpp">
      <Filter>Source Files</Filter>
    </ClCompile>
    <ClCompile Include="GUIAnimator.cpp">
      <Filter>Source Files</Filter>
    </ClCompile>
    <ClCompile Include="GUIRing.cpp">
      <Filter>Source Files</Filter>
    </ClCompile>
    <ClCompile Include="GUIRingOptions.cpp">
      <Filter>Source Files</Filter>
    </ClCompile>
    <ClCompile Include="TitleText.cpp">
      <Filter>Source Files</Filter>
    </ClCompile>
    <ClCompile Include="Stopwatch.cpp">
      <Filter>Source Files</Filter>
    </ClCompile>
    <ClCompile Include="RollingListEntry.cpp">
      <Filter>Source Files</Filter>
    </ClCompile>
    <ClCompile Include="RollingList.cpp">
      <Filter>Source Files</Filter>
    </ClCompile>
    <ClCompile Include="HighscoresService.cpp">
      <Filter>Source Files</Filter>
    </ClCompile>
    <ClCompile Include="Colors.cpp">
      <Filter>Source Files</Filter>
    </ClCompile>
    <ClCompile Include="HowToImageViewer.cpp">
      <Filter>Source Files</Filter>
    </ClCompile>
    <ClCompile Include="AuthorsList.cpp">
      <Filter>Source Files</Filter>
    </ClCompile>
    <ClCompile Include="HighscoresList.cpp">
      <Filter>Source Files</Filter>
    </ClCompile>
    <ClCompile Include="HowToList.cpp">
      <Filter>Source Files</Filter>
    </ClCompile>
    <ClCompile Include="TextsProvider.h">
      <Filter>Source Files</Filter>
    </ClCompile>
    <ClCompile Include="PauseController.cpp">
      <Filter>Source Files</Filter>
    </ClCompile>
    <ClCompile Include="FinalScreen.cpp">
      <Filter>Source Files</Filter>
    </ClCompile>
    <ClCompile Include="EasterEgg.cpp">
      <Filter>Source Files</Filter>
    </ClCompile>
    <ClCompile Include="Game.cpp">
      <Filter>Source Files</Filter>
    </ClCompile>
    <ClCompile Include="FlashingText.cpp">
      <Filter>Source Files</Filter>
    </ClCompile>
    <ClCompile Include="TextArrows.cpp">
      <Filter>Source Files</Filter>
    </ClCompile>
  </ItemGroup>
  <ItemGroup>
    <ClInclude Include="GameData.h">
      <Filter>Header Files</Filter>
    </ClInclude>
    <ClInclude Include="Utility.h">
      <Filter>Header Files</Filter>
    </ClInclude>
    <ClInclude Include="SoundManager.h">
      <Filter>Header Files</Filter>
    </ClInclude>
    <ClInclude Include="Timer.h">
      <Filter>Header Files</Filter>
    </ClInclude>
    <ClInclude Include="Entity.h">
      <Filter>Header Files</Filter>
    </ClInclude>
    <ClInclude Include="Debug.h">
      <Filter>Header Files</Filter>
    </ClInclude>
    <ClInclude Include="IDamageable.h">
      <Filter>Header Files</Filter>
    </ClInclude>
    <ClInclude Include="EntityManager.h">
      <Filter>Header Files</Filter>
    </ClInclude>
    <ClInclude Include="RandomGenerator.h">
      <Filter>Header Files</Filter>
    </ClInclude>
    <ClInclude Include="InputField.h">
      <Filter>Header Files</Filter>
    </ClInclude>
    <ClInclude Include="Delegate.h">
      <Filter>Header Files</Filter>
    </ClInclude>
    <ClInclude Include="InputFieldParser.h">
      <Filter>Header Files</Filter>
    </ClInclude>
    <ClInclude Include="Request.h">
      <Filter>Header Files</Filter>
    </ClInclude>
    <ClInclude Include="RequestHandlers.h">
      <Filter>Header Files</Filter>
    </ClInclude>
    <ClInclude Include="PolynomialProductForm.h">
      <Filter>Header Files</Filter>
    </ClInclude>
    <ClInclude Include="PolynomialMultipler.h">
      <Filter>Header Files</Filter>
    </ClInclude>
    <ClInclude Include="PolynomialGenerator.h">
      <Filter>Header Files</Filter>
    </ClInclude>
    <ClInclude Include="PolynomialGeneralForm.h">
      <Filter>Header Files</Filter>
    </ClInclude>
    <ClInclude Include="PolynomialFactor.h">
      <Filter>Header Files</Filter>
    </ClInclude>
    <ClInclude Include="PowerfulText.h">
      <Filter>Header Files</Filter>
    </ClInclude>
    <ClInclude Include="Player.h">
      <Filter>Header Files</Filter>
    </ClInclude>
    <ClInclude Include="PlayerHealthGUI.h">
      <Filter>Header Files</Filter>
    </ClInclude>
    <ClInclude Include="PlayerCannon.h">
      <Filter>Header Files</Filter>
    </ClInclude>
    <ClInclude Include="AdvancedParticle.h">
      <Filter>Header Files</Filter>
    </ClInclude>
    <ClInclude Include="AdvancedParticleSystem.h">
      <Filter>Header Files</Filter>
    </ClInclude>
    <ClInclude Include="AdvancedParticleSystemData.h">
      <Filter>Header Files</Filter>
    </ClInclude>
    <ClInclude Include="APSBuilder.h">
      <Filter>Header Files</Filter>
    </ClInclude>
    <ClInclude Include="FloatColor.h">
      <Filter>Header Files</Filter>
    </ClInclude>
    <ClInclude Include="Enemy.h">
      <Filter>Header Files</Filter>
    </ClInclude>
    <ClInclude Include="EnemySpawner.h">
      <Filter>Header Files</Filter>
    </ClInclude>
    <ClInclude Include="GameplayManager.h">
      <Filter>Header Files</Filter>
    </ClInclude>
    <ClInclude Include="SignedBullet.h">
      <Filter>Header Files</Filter>
    </ClInclude>
    <ClInclude Include="EnemyCannon.h">
      <Filter>Header Files</Filter>
    </ClInclude>
    <ClInclude Include="StringSubprocessor.h">
      <Filter>Header Files</Filter>
    </ClInclude>
    <ClInclude Include="FleetingText.h">
      <Filter>Header Files</Filter>
    </ClInclude>
    <ClInclude Include="MunitionContainer.h">
      <Filter>Header Files</Filter>
    </ClInclude>
    <ClInclude Include="SimpleBullet.h">
      <Filter>Header Files</Filter>
    </ClInclude>
    <ClInclude Include="BulletBase.h">
      <Filter>Header Files</Filter>
    </ClInclude>
    <ClInclude Include="DesignatedTarget.h">
      <Filter>Header Files</Filter>
    </ClInclude>
    <ClInclude Include="PlayerCannonGraphics.h">
      <Filter>Header Files</Filter>
    </ClInclude>
    <ClInclude Include="ParticleMaster.h">
      <Filter>Header Files</Filter>
    </ClInclude>
    <ClInclude Include="ScoreManager.h">
      <Filter>Header Files</Filter>
    </ClInclude>
    <ClInclude Include="ScoreManagerGUI.h">
      <Filter>Header Files</Filter>
    </ClInclude>
    <ClInclude Include="ParticleTrail.h">
      <Filter>Header Files</Filter>
    </ClInclude>
    <ClInclude Include="CameraShake.h">
      <Filter>Header Files</Filter>
    </ClInclude>
    <ClInclude Include="EnemyPolynomialAdapter.h">
      <Filter>Header Files</Filter>
    </ClInclude>
    <ClInclude Include="ReductionWave.h">
      <Filter>Header Files</Filter>
    </ClInclude>
    <ClInclude Include="Gameplay.h">
      <Filter>Header Files</Filter>
    </ClInclude>
    <ClInclude Include="MainMenu.h">
      <Filter>Header Files</Filter>
    </ClInclude>
    <ClInclude Include="GUIAnimator.h">
      <Filter>Header Files</Filter>
    </ClInclude>
    <ClInclude Include="GUIRing.h">
      <Filter>Header Files</Filter>
    </ClInclude>
    <ClInclude Include="Colors.h">
      <Filter>Header Files</Filter>
    </ClInclude>
    <ClInclude Include="GUIRingOptions.h">
      <Filter>Header Files</Filter>
    </ClInclude>
    <ClInclude Include="TitleText.h">
      <Filter>Header Files</Filter>
    </ClInclude>
    <ClInclude Include="StopWatch.h">
      <Filter>Header Files</Filter>
    </ClInclude>
    <ClInclude Include="RollingListEntry.h">
      <Filter>Header Files</Filter>
    </ClInclude>
    <ClInclude Include="RollingList.h">
      <Filter>Header Files</Filter>
    </ClInclude>
    <ClInclude Include="HighscoresService.h">
      <Filter>Header Files</Filter>
    </ClInclude>
    <ClInclude Include="HowToImageViewer.h">
      <Filter>Header Files</Filter>
    </ClInclude>
    <ClInclude Include="AuthorsList.h">
      <Filter>Header Files</Filter>
    </ClInclude>
    <ClInclude Include="HighscoresList.h">
      <Filter>Header Files</Filter>
    </ClInclude>
    <ClInclude Include="HowToList.h">
      <Filter>Header Files</Filter>
    </ClInclude>
    <ClInclude Include="PauseController.h">
      <Filter>Header Files</Filter>
    </ClInclude>
    <ClInclude Include="FinalScreen.h">
      <Filter>Header Files</Filter>
    </ClInclude>
    <ClInclude Include="EasterEgg.h">
      <Filter>Header Files</Filter>
    </ClInclude>
    <ClInclude Include="Game.h">
      <Filter>Header Files</Filter>
    </ClInclude>
    <ClInclude Include="FlashingText.h">
      <Filter>Header Files</Filter>
    </ClInclude>
    <ClInclude Include="TextArrows.h">
      <Filter>Header Files</Filter>
    </ClInclude>
  </ItemGroup>
  <ItemGroup>
    <ResourceCompile Include="res\img\resource.rc">
      <Filter>Resource Files</Filter>
    </ResourceCompile>
  </ItemGroup>
</Project>